PODS:
  - CocoaAsyncSocket (7.6.5)
  - CocoaMQTT (1.2.5):
    - CocoaAsyncSocket (~> 7.6.3)
  - SwiftSocket (2.0.2)
  - TactileSlider (2.0.1)

DEPENDENCIES:
  - CocoaMQTT
  - SwiftSocket
  - TactileSlider

SPEC REPOS:
  trunk:
    - CocoaAsyncSocket
    - CocoaMQTT
    - SwiftSocket
    - TactileSlider

SPEC CHECKSUMS:
  CocoaAsyncSocket: 065fd1e645c7abab64f7a6a2007a48038fdc6a99
  CocoaMQTT: a61490ed3b328011c5d75169a77781983e2bb221
  SwiftSocket: 6f4c9c63fbc5c1d61188936bb3c599fd546f40ae
  TactileSlider: ca211be78178202c89412ed312f73020548f28ca

PODFILE CHECKSUM: 9d7257e67c18661bf3614b9d6018f84be7b6e56a

COCOAPODS: 1.10.1
